{
  "name": "Investiment",
  "lockfileVersion": 3,
  "requires": true,
  "packages": {
    "": {
      "dependencies": {
        "modal": "^0.2.0"
      }
    },
    "node_modules/modal": {
      "version": "0.2.0",
      "resolved": "https://registry.npmjs.org/modal/-/modal-0.2.0.tgz",
      "integrity": "sha512-Golyq14/34RSA55f1ehYhHe17ElSQ/3aXjF518bNvjvlBm5oyDxVTcvH89iBAz4Jbk53X6aGKm3XhYa4sMK7VQ==",
      "license": "BSD"
    }
  }
}
